{
  "version": 4,
  "terraform_version": "1.14.6",
  "serial": 20,
  "lineage": "83f01328-2ed1-9afc-7b31-b501b40731e2",
  "outputs": {
    "app_service_url": {
      "value": "terraform-web-app.azurewebsites.net",
      "type": "string"
    },
    "sql_database_name": {
      "value": "terraform-lab-db",
      "type": "string"
    },
    "sql_server_fqdn": {
      "value": "terraform-lab-sqlserver.database.windows.net",
      "type": "string"
    },
    "sql_server_name": {
      "value": "terraform-lab-sqlserver.database.windows.net",
      "type": "string"
    }
  },
  "resources": [
    {
      "mode": "managed",
      "type": "azurerm_linux_web_app",
      "name": "app",
      "provider": "provider[\"registry.terraform.io/hashicorp/azurerm\"]",
      "instances": [
        {
          "schema_version": 1,
          "attributes": {
            "app_settings": {
              "DB_NAME": "terraform-lab-db",
              "DB_PASSWORD": "Partiunuvem@2022",
              "DB_SERVER": "terraform-lab-sqlserver.database.windows.net",
              "DB_USER": "admsql"
            },
            "auth_settings": [],
            "auth_settings_v2": [],
            "backup": [],
            "client_affinity_enabled": false,
            "client_certificate_enabled": false,
            "client_certificate_exclusion_paths": "",
            "client_certificate_mode": "Required",
            "connection_string": [],
            "custom_domain_verification_id": "083D3CDB204F62D6AF35570A5F8621D4C0ABA18042428F964B3DF97200F076EF",
            "default_hostname": "terraform-web-app.azurewebsites.net",
            "enabled": true,
            "ftp_publish_basic_authentication_enabled": true,
            "hosting_environment_id": "",
            "https_only": false,
            "id": "/subscriptions/6d26832c-9a2c-47aa-89e9-186def00d067/resourceGroups/terraform-gitlab/providers/Microsoft.Web/sites/terraform-web-app",
            "identity": [],
            "key_vault_reference_identity_id": "SystemAssigned",
            "kind": "app,linux,container",
            "location": "austriaeast",
            "logs": [],
            "name": "terraform-web-app",
            "outbound_ip_address_list": [
              "68.210.130.64",
              "68.210.130.28",
              "68.210.129.102",
              "68.210.131.71",
              "68.210.130.70",
              "68.210.130.73",
              "68.210.131.64",
              "68.210.130.36",
              "68.210.130.38",
              "68.210.131.80",
              "68.210.131.82",
              "68.210.130.44",
              "68.210.171.1"
            ],
            "outbound_ip_addresses": "68.210.130.64,68.210.130.28,68.210.129.102,68.210.131.71,68.210.130.70,68.210.130.73,68.210.131.64,68.210.130.36,68.210.130.38,68.210.131.80,68.210.131.82,68.210.130.44,68.210.171.1",
            "possible_outbound_ip_address_list": [
              "68.210.130.64",
              "68.210.130.28",
              "68.210.129.102",
              "68.210.131.71",
              "68.210.130.70",
              "68.210.130.73",
              "68.210.131.64",
              "68.210.130.36",
              "68.210.130.38",
              "68.210.131.80",
              "68.210.131.82",
              "68.210.130.44",
              "68.210.130.112",
              "68.210.130.114",
              "68.210.130.118",
              "68.210.130.120",
              "68.210.130.123",
              "68.210.130.125",
              "68.210.130.214",
              "68.210.130.216",
              "68.210.130.218",
              "68.210.130.220",
              "68.210.130.221",
              "68.210.130.223",
              "68.210.129.99",
              "68.210.129.111",
              "68.210.129.204",
              "68.210.130.74",
              "68.210.130.75",
              "68.210.130.42",
              "68.210.171.1"
            ],
            "possible_outbound_ip_addresses": "68.210.130.64,68.210.130.28,68.210.129.102,68.210.131.71,68.210.130.70,68.210.130.73,68.210.131.64,68.210.130.36,68.210.130.38,68.210.131.80,68.210.131.82,68.210.130.44,68.210.130.112,68.210.130.114,68.210.130.118,68.210.130.120,68.210.130.123,68.210.130.125,68.210.130.214,68.210.130.216,68.210.130.218,68.210.130.220,68.210.130.221,68.210.130.223,68.210.129.99,68.210.129.111,68.210.129.204,68.210.130.74,68.210.130.75,68.210.130.42,68.210.171.1",
            "public_network_access_enabled": true,
            "resource_group_name": "terraform-gitlab",
            "service_plan_id": "/subscriptions/6d26832c-9a2c-47aa-89e9-186def00d067/resourceGroups/terraform-gitlab/providers/Microsoft.Web/serverFarms/app-plan",
            "site_config": [
              {
                "always_on": true,
                "api_definition_url": "",
                "api_management_api_id": "",
                "app_command_line": "",
                "application_stack": [
                  {
                    "docker_image": "",
                    "docker_image_name": "samueeldaavid/azure-lab-app:latest",
                    "docker_image_tag": "",
                    "docker_registry_password": "",
                    "docker_registry_url": "",
                    "docker_registry_username": "",
                    "dotnet_version": "",
                    "go_version": "",
                    "java_server": "",
                    "java_server_version": "",
                    "java_version": "",
                    "node_version": "",
                    "php_version": "",
                    "python_version": "",
                    "ruby_version": ""
                  }
                ],
                "auto_heal_enabled": false,
                "auto_heal_setting": [],
                "container_registry_managed_identity_client_id": "",
                "container_registry_use_managed_identity": false,
                "cors": [],
                "default_documents": [
                  "Default.htm",
                  "Default.html",
                  "Default.asp",
                  "index.htm",
                  "index.html",
                  "iisstart.htm",
                  "default.aspx",
                  "index.php",
                  "hostingstart.html"
                ],
                "detailed_error_logging_enabled": false,
                "ftps_state": "Disabled",
                "health_check_eviction_time_in_min": 0,
                "health_check_path": "",
                "http2_enabled": false,
                "ip_restriction": [],
                "ip_restriction_default_action": "Allow",
                "linux_fx_version": "DOCKER|/samueeldaavid/azure-lab-app:latest",
                "load_balancing_mode": "LeastRequests",
                "local_mysql_enabled": false,
                "managed_pipeline_mode": "Integrated",
                "minimum_tls_version": "1.2",
                "remote_debugging_enabled": false,
                "remote_debugging_version": "VS2022",
                "scm_ip_restriction": [],
                "scm_ip_restriction_default_action": "Allow",
                "scm_minimum_tls_version": "1.2",
                "scm_type": "None",
                "scm_use_main_ip_restriction": false,
                "use_32_bit_worker": true,
                "vnet_route_all_enabled": false,
                "websockets_enabled": false,
                "worker_count": 1
              }
            ],
            "site_credential": [
              {
                "name": "$terraform-web-app",
                "password": "aQexj5PwS4fqsvFxGp49q8hL0h8dqXAnDn9Sp971JCqGsGB3nnGAZzPmjkf0"
              }
            ],
            "sticky_settings": [],
            "storage_account": [],
            "tags": null,
            "timeouts": null,
            "virtual_network_subnet_id": "",
            "webdeploy_publish_basic_authentication_enabled": true,
            "zip_deploy_file": ""
          },
          "sensitive_attributes": [
            [
              {
                "type": "get_attr",
                "value": "app_settings"
              },
              {
                "type": "index",
                "value": {
                  "value": "DB_PASSWORD",
                  "type": "string"
                }
              }
            ],
            [
              {
                "type": "get_attr",
                "value": "custom_domain_verification_id"
              }
            ],
            [
              {
                "type": "get_attr",
                "value": "site_config"
              },
              {
                "type": "index",
                "value": {
                  "value": 0,
                  "type": "number"
                }
              },
              {
                "type": "get_attr",
                "value": "application_stack"
              },
              {
                "type": "index",
                "value": {
                  "value": 0,
                  "type": "number"
                }
              },
              {
                "type": "get_attr",
                "value": "docker_registry_password"
              }
            ],
            [
              {
                "type": "get_attr",
                "value": "site_credential"
              }
            ]
          ],
          "identity_schema_version": 0,
          "private": "eyJlMmJmYjczMC1lY2FhLTExZTYtOGY4OC0zNDM2M2JjN2M0YzAiOnsiY3JlYXRlIjoxODAwMDAwMDAwMDAwLCJkZWxldGUiOjE4MDAwMDAwMDAwMDAsInJlYWQiOjMwMDAwMDAwMDAwMCwidXBkYXRlIjoxODAwMDAwMDAwMDAwfSwic2NoZW1hX3ZlcnNpb24iOiIxIn0=",
          "dependencies": [
            "azurerm_mssql_database.database",
            "azurerm_mssql_server.sql_server",
            "azurerm_resource_group.resource_group",
            "azurerm_service_plan.app_plan"
          ]
        }
      ]
    },
    {
      "mode": "managed",
      "type": "azurerm_mssql_database",
      "name": "database",
      "provider": "provider[\"registry.terraform.io/hashicorp/azurerm\"]",
      "instances": [
        {
          "schema_version": 1,
          "attributes": {
            "auto_pause_delay_in_minutes": 0,
            "collation": "SQL_Latin1_General_CP1_CI_AS",
            "create_mode": "Default",
            "creation_source_database_id": null,
            "elastic_pool_id": "",
            "enclave_type": "",
            "geo_backup_enabled": true,
            "id": "/subscriptions/6d26832c-9a2c-47aa-89e9-186def00d067/resourceGroups/terraform-gitlab/providers/Microsoft.Sql/servers/terraform-lab-sqlserver/databases/terraform-lab-db",
            "identity": [],
            "import": [],
            "ledger_enabled": false,
            "license_type": "",
            "long_term_retention_policy": [
              {
                "immutable_backups_enabled": false,
                "monthly_retention": "PT0S",
                "week_of_year": 1,
                "weekly_retention": "PT0S",
                "yearly_retention": "PT0S"
              }
            ],
            "maintenance_configuration_name": "SQL_Default",
            "max_size_gb": 2,
            "min_capacity": 0,
            "name": "terraform-lab-db",
            "read_replica_count": 0,
            "read_scale": false,
            "recover_database_id": null,
            "recovery_point_id": null,
            "restore_dropped_database_id": null,
            "restore_long_term_retention_backup_id": null,
            "restore_point_in_time": null,
            "sample_name": null,
            "secondary_type": "",
            "server_id": "/subscriptions/6d26832c-9a2c-47aa-89e9-186def00d067/resourceGroups/terraform-gitlab/providers/Microsoft.Sql/servers/terraform-lab-sqlserver",
            "short_term_retention_policy": [
              {
                "backup_interval_in_hours": 24,
                "retention_days": 7
              }
            ],
            "sku_name": "Basic",
            "storage_account_type": "Local",
            "tags": null,
            "threat_detection_policy": [
              {
                "disabled_alerts": [],
                "email_account_admins": "Disabled",
                "email_addresses": [],
                "retention_days": 0,
                "state": "Disabled",
                "storage_account_access_key": "",
                "storage_endpoint": ""
              }
            ],
            "timeouts": null,
            "transparent_data_encryption_enabled": true,
            "transparent_data_encryption_key_automatic_rotation_enabled": false,
            "transparent_data_encryption_key_vault_key_id": "",
            "zone_redundant": false
          },
          "sensitive_attributes": [
            [
              {
                "type": "get_attr",
                "value": "threat_detection_policy"
              },
              {
                "type": "index",
                "value": {
                  "value": 0,
                  "type": "number"
                }
              },
              {
                "type": "get_attr",
                "value": "storage_account_access_key"
              }
            ]
          ],
          "identity_schema_version": 0,
          "private": "eyJlMmJmYjczMC1lY2FhLTExZTYtOGY4OC0zNDM2M2JjN2M0YzAiOnsiY3JlYXRlIjozNjAwMDAwMDAwMDAwLCJkZWxldGUiOjM2MDAwMDAwMDAwMDAsInJlYWQiOjMwMDAwMDAwMDAwMCwidXBkYXRlIjozNjAwMDAwMDAwMDAwfSwic2NoZW1hX3ZlcnNpb24iOiIxIn0=",
          "dependencies": [
            "azurerm_mssql_server.sql_server",
            "azurerm_resource_group.resource_group"
          ]
        }
      ]
    },
    {
      "mode": "managed",
      "type": "azurerm_mssql_server",
      "name": "sql_server",
      "provider": "provider[\"registry.terraform.io/hashicorp/azurerm\"]",
      "instances": [
        {
          "schema_version": 0,
          "attributes": {
            "administrator_login": "admsql",
            "administrator_login_password": "Partiunuvem@2022",
            "azuread_administrator": [],
            "connection_policy": "Default",
            "fully_qualified_domain_name": "terraform-lab-sqlserver.database.windows.net",
            "id": "/subscriptions/6d26832c-9a2c-47aa-89e9-186def00d067/resourceGroups/terraform-gitlab/providers/Microsoft.Sql/servers/terraform-lab-sqlserver",
            "identity": [],
            "location": "austriaeast",
            "minimum_tls_version": "1.2",
            "name": "terraform-lab-sqlserver",
            "outbound_network_restriction_enabled": false,
            "primary_user_assigned_identity_id": "",
            "public_network_access_enabled": true,
            "resource_group_name": "terraform-gitlab",
            "restorable_dropped_database_ids": [],
            "tags": null,
            "timeouts": null,
            "transparent_data_encryption_key_vault_key_id": "",
            "version": "12.0"
          },
          "sensitive_attributes": [
            [
              {
                "type": "get_attr",
                "value": "administrator_login_password"
              }
            ]
          ],
          "identity_schema_version": 0,
          "private": "eyJlMmJmYjczMC1lY2FhLTExZTYtOGY4OC0zNDM2M2JjN2M0YzAiOnsiY3JlYXRlIjozNjAwMDAwMDAwMDAwLCJkZWxldGUiOjM2MDAwMDAwMDAwMDAsInJlYWQiOjMwMDAwMDAwMDAwMCwidXBkYXRlIjozNjAwMDAwMDAwMDAwfX0=",
          "dependencies": [
            "azurerm_resource_group.resource_group"
          ]
        }
      ]
    },
    {
      "mode": "managed",
      "type": "azurerm_resource_group",
      "name": "resource_group",
      "provider": "provider[\"registry.terraform.io/hashicorp/azurerm\"]",
      "instances": [
        {
          "schema_version": 0,
          "attributes": {
            "id": "/subscriptions/6d26832c-9a2c-47aa-89e9-186def00d067/resourceGroups/terraform-gitlab",
            "location": "austriaeast",
            "managed_by": "",
            "name": "terraform-gitlab",
            "tags": null,
            "timeouts": null
          },
          "sensitive_attributes": [],
          "identity_schema_version": 0,
          "private": "eyJlMmJmYjczMC1lY2FhLTExZTYtOGY4OC0zNDM2M2JjN2M0YzAiOnsiY3JlYXRlIjo1NDAwMDAwMDAwMDAwLCJkZWxldGUiOjU0MDAwMDAwMDAwMDAsInJlYWQiOjMwMDAwMDAwMDAwMCwidXBkYXRlIjo1NDAwMDAwMDAwMDAwfX0="
        }
      ]
    },
    {
      "mode": "managed",
      "type": "azurerm_service_plan",
      "name": "app_plan",
      "provider": "provider[\"registry.terraform.io/hashicorp/azurerm\"]",
      "instances": [
        {
          "schema_version": 1,
          "attributes": {
            "app_service_environment_id": "",
            "id": "/subscriptions/6d26832c-9a2c-47aa-89e9-186def00d067/resourceGroups/terraform-gitlab/providers/Microsoft.Web/serverFarms/app-plan",
            "kind": "linux",
            "location": "austriaeast",
            "maximum_elastic_worker_count": 1,
            "name": "app-plan",
            "os_type": "Linux",
            "per_site_scaling_enabled": false,
            "reserved": true,
            "resource_group_name": "terraform-gitlab",
            "sku_name": "B1",
            "tags": null,
            "timeouts": null,
            "worker_count": 1,
            "zone_balancing_enabled": false
          },
          "sensitive_attributes": [],
          "identity_schema_version": 0,
          "private": "eyJlMmJmYjczMC1lY2FhLTExZTYtOGY4OC0zNDM2M2JjN2M0YzAiOnsiY3JlYXRlIjozNjAwMDAwMDAwMDAwLCJkZWxldGUiOjM2MDAwMDAwMDAwMDAsInJlYWQiOjMwMDAwMDAwMDAwMCwidXBkYXRlIjozNjAwMDAwMDAwMDAwfSwic2NoZW1hX3ZlcnNpb24iOiIxIn0=",
          "dependencies": [
            "azurerm_resource_group.resource_group"
          ]
        }
      ]
    }
  ],
  "check_results": null
}
